
Microsoft Visual Studio Solution File, Format Version 12.00
# Visual Studio Version 17
VisualStudioVersion = 17.9.34616.47
MinimumVisualStudioVersion = 10.0.40219.1
Project("{888888A0-9F3D-457C-B088-3A5042F75D52}") = "assigment_4", "assigment_4\assigment_4.pyproj", "{1B3840DD-31EC-43AF-ABFF-036346AAE9F1}"
EndProject
Global
	GlobalSection(SolutionConfigurationPlatforms) = preSolution
		Debug|Any CPU = Debug|Any CPU
		Release|Any CPU = Release|Any CPU
	EndGlobalSection
	GlobalSection(ProjectConfigurationPlatforms) = postSolution
		{1B3840DD-31EC-43AF-ABFF-036346AAE9F1}.Debug|Any CPU.ActiveCfg = Debug|Any CPU
		{1B3840DD-31EC-43AF-ABFF-036346AAE9F1}.Release|Any CPU.ActiveCfg = Release|Any CPU
	EndGlobalSection
	GlobalSection(SolutionProperties) = preSolution
		HideSolutionNode = FALSE
	EndGlobalSection
	GlobalSection(ExtensibilityGlobals) = postSolution
		SolutionGuid = {D990DEB8-A4BA-486D-898C-BF4074CE117A}
	EndGlobalSection
EndGlobal
